
Microsoft Visual Studio Solution File, Format Version 12.00
# Visual Studio Version 17
VisualStudioVersion = 17.4.33103.184
MinimumVisualStudioVersion = 10.0.40219.1
Project("{FAE04EC0-301F-11D3-BF4B-00C04F79EFBC}") = "Api-app", "Api-app\Api-app.csproj", "{DD05B73F-2390-49D1-BC6B-517DBBB3DF52}"
EndProject
Global
	GlobalSection(SolutionConfigurationPlatforms) = preSolution
		Debug|Any CPU = Debug|Any CPU
		Release|Any CPU = Release|Any CPU
	EndGlobalSection
	GlobalSection(ProjectConfigurationPlatforms) = postSolution
		{DD05B73F-2390-49D1-BC6B-517DBBB3DF52}.Debug|Any CPU.ActiveCfg = Debug|Any CPU
		{DD05B73F-2390-49D1-BC6B-517DBBB3DF52}.Debug|Any CPU.Build.0 = Debug|Any CPU
		{DD05B73F-2390-49D1-BC6B-517DBBB3DF52}.Release|Any CPU.ActiveCfg = Release|Any CPU
		{DD05B73F-2390-49D1-BC6B-517DBBB3DF52}.Release|Any CPU.Build.0 = Release|Any CPU
	EndGlobalSection
	GlobalSection(SolutionProperties) = preSolution
		HideSolutionNode = FALSE
	EndGlobalSection
	GlobalSection(ExtensibilityGlobals) = postSolution
		SolutionGuid = {0DDD309D-5FF8-477E-969A-B1AFBD9105B0}
	EndGlobalSection
EndGlobal
